
Microsoft Visual Studio Solution File, Format Version 12.00
# Visual Studio Version 17
VisualStudioVersion = 17.0.31903.59
MinimumVisualStudioVersion = 10.0.40219.1
Project("{9A19103F-16F7-4668-BE54-9A1E7A4F7556}") = "RoboAPI.Entities", "RoboAPI.Entities\RoboAPI.Entities.csproj", "{0D093082-FC27-4FDF-9D06-45F7449D0F88}"
EndProject
Project("{9A19103F-16F7-4668-BE54-9A1E7A4F7556}") = "RoboAPI.Infrastructure", "RoboAPI.Infrastructure\RoboAPI.Infrastructure.csproj", "{F5B7C860-BBF3-44E3-9794-A8B2C3E8019A}"
EndProject
Project("{9A19103F-16F7-4668-BE54-9A1E7A4F7556}") = "RoboAPI.WebAPI", "RoboAPI.WebAPI\RoboAPI.WebAPI.csproj", "{6C2FED39-B52E-4B12-A5EB-978B07A2C434}"
EndProject
Project("{9A19103F-16F7-4668-BE54-9A1E7A4F7556}") = "RoboAPI.Services", "RoboAPI.Services\RoboAPI.Services.csproj", "{9D519475-EE2C-476D-B179-774D5682B1C2}"
EndProject
Project("{FAE04EC0-301F-11D3-BF4B-00C04F79EFBC}") = "RoboAPI.Services.Tests", "RoboAPI.Services.Tests\RoboAPI.Services.Tests.csproj", "{E474A497-E127-40E5-9EF7-4BAA6F2ED6AA}"
EndProject
Global
	GlobalSection(SolutionConfigurationPlatforms) = preSolution
		Debug|Any CPU = Debug|Any CPU
		Release|Any CPU = Release|Any CPU
	EndGlobalSection
	GlobalSection(ProjectConfigurationPlatforms) = postSolution
		{0D093082-FC27-4FDF-9D06-45F7449D0F88}.Debug|Any CPU.ActiveCfg = Debug|Any CPU
		{0D093082-FC27-4FDF-9D06-45F7449D0F88}.Debug|Any CPU.Build.0 = Debug|Any CPU
		{0D093082-FC27-4FDF-9D06-45F7449D0F88}.Release|Any CPU.ActiveCfg = Release|Any CPU
		{0D093082-FC27-4FDF-9D06-45F7449D0F88}.Release|Any CPU.Build.0 = Release|Any CPU
		{F5B7C860-BBF3-44E3-9794-A8B2C3E8019A}.Debug|Any CPU.ActiveCfg = Debug|Any CPU
		{F5B7C860-BBF3-44E3-9794-A8B2C3E8019A}.Debug|Any CPU.Build.0 = Debug|Any CPU
		{F5B7C860-BBF3-44E3-9794-A8B2C3E8019A}.Release|Any CPU.ActiveCfg = Release|Any CPU
		{F5B7C860-BBF3-44E3-9794-A8B2C3E8019A}.Release|Any CPU.Build.0 = Release|Any CPU
		{6C2FED39-B52E-4B12-A5EB-978B07A2C434}.Debug|Any CPU.ActiveCfg = Debug|Any CPU
		{6C2FED39-B52E-4B12-A5EB-978B07A2C434}.Debug|Any CPU.Build.0 = Debug|Any CPU
		{6C2FED39-B52E-4B12-A5EB-978B07A2C434}.Release|Any CPU.ActiveCfg = Release|Any CPU
		{6C2FED39-B52E-4B12-A5EB-978B07A2C434}.Release|Any CPU.Build.0 = Release|Any CPU
		{9D519475-EE2C-476D-B179-774D5682B1C2}.Debug|Any CPU.ActiveCfg = Debug|Any CPU
		{9D519475-EE2C-476D-B179-774D5682B1C2}.Debug|Any CPU.Build.0 = Debug|Any CPU
		{9D519475-EE2C-476D-B179-774D5682B1C2}.Release|Any CPU.ActiveCfg = Release|Any CPU
		{9D519475-EE2C-476D-B179-774D5682B1C2}.Release|Any CPU.Build.0 = Release|Any CPU
		{E474A497-E127-40E5-9EF7-4BAA6F2ED6AA}.Debug|Any CPU.ActiveCfg = Debug|Any CPU
		{E474A497-E127-40E5-9EF7-4BAA6F2ED6AA}.Debug|Any CPU.Build.0 = Debug|Any CPU
		{E474A497-E127-40E5-9EF7-4BAA6F2ED6AA}.Release|Any CPU.ActiveCfg = Release|Any CPU
		{E474A497-E127-40E5-9EF7-4BAA6F2ED6AA}.Release|Any CPU.Build.0 = Release|Any CPU
	EndGlobalSection
	GlobalSection(SolutionProperties) = preSolution
		HideSolutionNode = FALSE
	EndGlobalSection
	GlobalSection(ExtensibilityGlobals) = postSolution
		SolutionGuid = {CC9C3CA7-BA36-4EE2-8F34-DD1F92EFE668}
	EndGlobalSection
EndGlobal
